// !$*UTF8*$!
{
	archiveVersion = 1;
	classes = {
	};
	objectVersion = 55;
	objects = {

/* Begin PBXBuildFile section */
		38CAC6C7274E36B600D4C4EE /* AppDelegate.swift in Sources */ = {isa = PBXBuildFile; fileRef = 38CAC6C6274E36B600D4C4EE /* AppDelegate.swift */; };
		38CAC6C9274E36B600D4C4EE /* SceneDelegate.swift in Sources */ = {isa = PBXBuildFile; fileRef = 38CAC6C8274E36B600D4C4EE /* SceneDelegate.swift */; };
		38CAC6CB274E36B600D4C4EE /* ViewController.swift in Sources */ = {isa = PBXBuildFile; fileRef = 38CAC6CA274E36B600D4C4EE /* ViewController.swift */; };
		38CAC6CE274E36B600D4C4EE /* Main.storyboard in Resources */ = {isa = PBXBuildFile; fileRef = 38CAC6CC274E36B600D4C4EE /* Main.storyboard */; };
		38CAC6D0274E36B800D4C4EE /* Assets.xcassets in Resources */ = {isa = PBXBuildFile; fileRef = 38CAC6CF274E36B800D4C4EE /* Assets.xcassets */; };
		38CAC6D3274E36B800D4C4EE /* LaunchScreen.storyboard in Resources */ = {isa = PBXBuildFile; fileRef = 38CAC6D1274E36B800D4C4EE /* LaunchScreen.storyboard */; };
		C494A8FF9D6E100D2A899A91 /* Pods_my_simple_calculator.framework in Frameworks */ = {isa = PBXBuildFile; fileRef = 90A9C119B5C466243DF0BCA8 /* Pods_my_simple_calculator.framework */; };
/* End PBXBuildFile section */

/* Begin PBXFileReference section */
		38CAC6C3274E36B600D4C4EE /* my-simple-calculator.app */ = {isa = PBXFileReference; explicitFileType = wrapper.application; includeInIndex = 0; path = "my-simple-calculator.app"; sourceTree = BUILT_PRODUCTS_DIR; };
		38CAC6C6274E36B600D4C4EE /* AppDelegate.swift */ = {isa = PBXFileReference; lastKnownFileType = sourcecode.swift; path = AppDelegate.swift; sourceTree = "<group>"; };
		38CAC6C8274E36B600D4C4EE /* SceneDelegate.swift */ = {isa = PBXFileReference; lastKnownFileType = sourcecode.swift; path = SceneDelegate.swift; sourceTree = "<group>"; };
		38CAC6CA274E36B600D4C4EE /* ViewController.swift */ = {isa = PBXFileReference; lastKnownFileType = sourcecode.swift; path = ViewController.swift; sourceTree = "<group>"; };
		38CAC6CD274E36B600D4C4EE /* Base */ = {isa = PBXFileReference; lastKnownFileType = file.storyboard; name = Base; path = Base.lproj/Main.storyboard; sourceTree = "<group>"; };
		38CAC6CF274E36B800D4C4EE /* Assets.xcassets */ = {isa = PBXFileReference; lastKnownFileType = folder.assetcatalog; path = Assets.xcassets; sourceTree = "<group>"; };
		38CAC6D2274E36B800D4C4EE /* Base */ = {isa = PBXFileReference; lastKnownFileType = file.storyboard; name = Base; path = Base.lproj/LaunchScreen.storyboard; sourceTree = "<group>"; };
		38CAC6D4274E36B800D4C4EE /* Info.plist */ = {isa = PBXFileReference; lastKnownFileType = text.plist.xml; path = Info.plist; sourceTree = "<group>"; };
		7A58413E48FFC7615B4C7256 /* Pods-my-simple-calculator.release.xcconfig */ = {isa = PBXFileReference; includeInIndex = 1; lastKnownFileType = text.xcconfig; name = "Pods-my-simple-calculator.release.xcconfig"; path = "Target Support Files/Pods-my-simple-calculator/Pods-my-simple-calculator.release.xcconfig"; sourceTree = "<group>"; };
		90A9C119B5C466243DF0BCA8 /* Pods_my_simple_calculator.framework */ = {isa = PBXFileReference; explicitFileType = wrapper.framework; includeInIndex = 0; path = Pods_my_simple_calculator.framework; sourceTree = BUILT_PRODUCTS_DIR; };
		C2D17491A6717F6F144B2D9B /* Pods-my-simple-calculator.debug.xcconfig */ = {isa = PBXFileReference; includeInIndex = 1; lastKnownFileType = text.xcconfig; name = "Pods-my-simple-calculator.debug.xcconfig"; path = "Target Support Files/Pods-my-simple-calculator/Pods-my-simple-calculator.debug.xcconfig"; sourceTree = "<group>"; };
/* End PBXFileReference section */

/* Begin PBXFrameworksBuildPhase section */
		38CAC6C0274E36B600D4C4EE /* Frameworks */ = {
			isa = PBXFrameworksBuildPhase;
			buildActionMask = 2147483647;
			files = (
				C494A8FF9D6E100D2A899A91 /* Pods_my_simple_calculator.framework in Frameworks */,
			);
			runOnlyForDeploymentPostprocessing = 0;
		};
/* End PBXFrameworksBuildPhase section */

/* Begin PBXGroup section */
		38CAC6BA274E36B600D4C4EE = {
			isa = PBXGroup;
			children = (
				38CAC6C5274E36B600D4C4EE /* my-simple-calculator */,
				38CAC6C4274E36B600D4C4EE /* Products */,
				8ADC6C4895635B446FCBC43A /* Pods */,
				456BDF02FF13E2F563BF004D /* Frameworks */,
			);
			sourceTree = "<group>";
		};
		38CAC6C4274E36B600D4C4EE /* Products */ = {
			isa = PBXGroup;
			children = (
				38CAC6C3274E36B600D4C4EE /* my-simple-calculator.app */,
			);
			name = Products;
			sourceTree = "<group>";
		};
		38CAC6C5274E36B600D4C4EE /* my-simple-calculator */ = {
			isa = PBXGroup;
			children = (
				38CAC6C6274E36B600D4C4EE /* AppDelegate.swift */,
				38CAC6C8274E36B600D4C4EE /* SceneDelegate.swift */,
				38CAC6CA274E36B600D4C4EE /* ViewController.swift */,
				38CAC6CC274E36B600D4C4EE /* Main.storyboard */,
				38CAC6CF274E36B800D4C4EE /* Assets.xcassets */,
				38CAC6D1274E36B800D4C4EE /* LaunchScreen.storyboard */,
				38CAC6D4274E36B800D4C4EE /* Info.plist */,
			);
			path = "my-simple-calculator";
			sourceTree = "<group>";
		};
		456BDF02FF13E2F563BF004D /* Frameworks */ = {
			isa = PBXGroup;
			children = (
				90A9C119B5C466243DF0BCA8 /* Pods_my_simple_calculator.framework */,
			);
			name = Frameworks;
			sourceTree = "<group>";
		};
		8ADC6C4895635B446FCBC43A /* Pods */ = {
			isa = PBXGroup;
			children = (
				C2D17491A6717F6F144B2D9B /* Pods-my-simple-calculator.debug.xcconfig */,
				7A58413E48FFC7615B4C7256 /* Pods-my-simple-calculator.release.xcconfig */,
			);
			path = Pods;
			sourceTree = "<group>";
		};
/* End PBXGroup section */

/* Begin PBXNativeTarget section */
		38CAC6C2274E36B600D4C4EE /* my-simple-calculator */ = {
			isa = PBXNativeTarget;
			buildConfigurationList = 38CAC6D7274E36B800D4C4EE /* Build configuration list for PBXNativeTarget "my-simple-calculator" */;
			buildPhases = (
				5113D2951BF31C5A5767E521 /* [CP] Check Pods Manifest.lock */,
				38CAC6BF274E36B600D4C4EE /* Sources */,
				38CAC6C0274E36B600D4C4EE /* Frameworks */,
				38CAC6C1274E36B600D4C4EE /* Resources */,
			);
			buildRules = (
			);
			dependencies = (
			);
			name = "my-simple-calculator";
			productName = "my-simple-calculator";
			productReference = 38CAC6C3274E36B600D4C4EE /* my-simple-calculator.app */;
			productType = "com.apple.product-type.application";
		};
/* End PBXNativeTarget section */

/* Begin PBXProject section */
		38CAC6BB274E36B600D4C4EE /* Project object */ = {
			isa = PBXProject;
			attributes = {
				BuildIndependentTargetsInParallel = 1;
				LastSwiftUpdateCheck = 1300;
				LastUpgradeCheck = 1300;
				TargetAttributes = {
					38CAC6C2274E36B600D4C4EE = {
						CreatedOnToolsVersion = 13.0;
					};
				};
			};
			buildConfigurationList = 38CAC6BE274E36B600D4C4EE /* Build configuration list for PBXProject "my-simple-calculator" */;
			compatibilityVersion = "Xcode 13.0";
			developmentRegion = en;
			hasScannedForEncodings = 0;
			knownRegions = (
				en,
				Base,
			);
			mainGroup = 38CAC6BA274E36B600D4C4EE;
			productRefGroup = 38CAC6C4274E36B600D4C4EE /* Products */;
			projectDirPath = "";
			projectRoot = "";
			targets = (
				38CAC6C2274E36B600D4C4EE /* my-simple-calculator */,
			);
		};
/* End PBXProject section */

/* Begin PBXResourcesBuildPhase section */
		38CAC6C1274E36B600D4C4EE /* Resources */ = {
			isa = PBXResourcesBuildPhase;
			buildActionMask = 2147483647;
			files = (
				38CAC6D3274E36B800D4C4EE /* LaunchScreen.storyboard in Resources */,
				38CAC6D0274E36B800D4C4EE /* Assets.xcassets in Resources */,
				38CAC6CE274E36B600D4C4EE /* Main.storyboard in Resources */,
			);
			runOnlyForDeploymentPostprocessing = 0;
		};
/* End PBXResourcesBuildPhase section */

/* Begin PBXShellScriptBuildPhase section */
		5113D2951BF31C5A5767E521 /* [CP] Check Pods Manifest.lock */ = {
			isa = PBXShellScriptBuildPhase;
			buildActionMask = 2147483647;
			files = (
			);
			inputFileListPaths = (
			);
			inputPaths = (
				"${PODS_PODFILE_DIR_PATH}/Podfile.lock",
				"${PODS_ROOT}/Manifest.lock",
			);
			name = "[CP] Check Pods Manifest.lock";
			outputFileListPaths = (
			);
			outputPaths = (
				"$(DERIVED_FILE_DIR)/Pods-my-simple-calculator-checkManifestLockResult.txt",
			);
			runOnlyForDeploymentPostprocessing = 0;
			shellPath = /bin/sh;
			shellScript = "diff \"${PODS_PODFILE_DIR_PATH}/Podfile.lock\" \"${PODS_ROOT}/Manifest.lock\" > /dev/null\nif [ $? != 0 ] ; then\n    # print error to STDERR\n    echo \"error: The sandbox is not in sync with the Podfile.lock. Run 'pod install' or update your CocoaPods installation.\" >&2\n    exit 1\nfi\n# This output is used by Xcode 'outputs' to avoid re-running this script phase.\necho \"SUCCESS\" > \"${SCRIPT_OUTPUT_FILE_0}\"\n";
			showEnvVarsInLog = 0;
		};
/* End PBXShellScriptBuildPhase section */

/* Begin PBXSourcesBuildPhase section */
		38CAC6BF274E36B600D4C4EE /* Sources */ = {
			isa = PBXSourcesBuildPhase;
			buildActionMask = 2147483647;
			files = (
				38CAC6CB274E36B600D4C4EE /* ViewController.swift in Sources */,
				38CAC6C7274E36B600D4C4EE /* AppDelegate.swift in Sources */,
				38CAC6C9274E36B600D4C4EE /* SceneDelegate.swift in Sources */,
			);
			runOnlyForDeploymentPostprocessing = 0;
		};
/* End PBXSourcesBuildPhase section */

/* Begin PBXVariantGroup section */
		38CAC6CC274E36B600D4C4EE /* Main.storyboard */ = {
			isa = PBXVariantGroup;
			children = (
				38CAC6CD274E36B600D4C4EE /* Base */,
			);
			name = Main.storyboard;
			sourceTree = "<group>";
		};
		38CAC6D1274E36B800D4C4EE /* LaunchScreen.storyboard */ = {
			isa = PBXVariantGroup;
			children = (
				38CAC6D2274E36B800D4C4EE /* Base */,
			);
			name = LaunchScreen.storyboard;
			sourceTree = "<group>";
		};
/* End PBXVariantGroup section */

/* Begin XCBuildConfiguration section */
		38CAC6D5274E36B800D4C4EE /* Debug */ = {
			isa = XCBuildConfiguration;
			buildSettings = {
				ALWAYS_SEARCH_USER_PATHS = NO;
				CLANG_ANALYZER_NONNULL = YES;
				CLANG_ANALYZER_NUMBER_OBJECT_CONVERSION = YES_AGGRESSIVE;
				CLANG_CXX_LANGUAGE_STANDARD = "gnu++17";
				CLANG_CXX_LIBRARY = "libc++";
				CLANG_ENABLE_MODULES = YES;
				CLANG_ENABLE_OBJC_ARC = YES;
				CLANG_ENABLE_OBJC_WEAK = YES;
				CLANG_WARN_BLOCK_CAPTURE_AUTORELEASING = YES;
				CLANG_WARN_BOOL_CONVERSION = YES;
				CLANG_WARN_COMMA = YES;
				CLANG_WARN_CONSTANT_CONVERSION = YES;
				CLANG_WARN_DEPRECATED_OBJC_IMPLEMENTATIONS = YES;
				CLANG_WARN_DIRECT_OBJC_ISA_USAGE = YES_ERROR;
				CLANG_WARN_DOCUMENTATION_COMMENTS = YES;
				CLANG_WARN_EMPTY_BODY = YES;
				CLANG_WARN_ENUM_CONVERSION = YES;
				CLANG_WARN_INFINITE_RECURSION = YES;
				CLANG_WARN_INT_CONVERSION = YES;
				CLANG_WARN_NON_LITERAL_NULL_CONVERSION = YES;
				CLANG_WARN_OBJC_IMPLICIT_RETAIN_SELF = YES;
				CLANG_WARN_OBJC_LITERAL_CONVERSION = YES;
				CLANG_WARN_OBJC_ROOT_CLASS = YES_ERROR;
				CLANG_WARN_QUOTED_INCLUDE_IN_FRAMEWORK_HEADER = YES;
				CLANG_WARN_RANGE_LOOP_ANALYSIS = YES;
				CLANG_WARN_STRICT_PROTOTYPES = YES;
				CLANG_WARN_SUSPICIOUS_MOVE = YES;
				CLANG_WARN_UNGUARDED_AVAILABILITY = YES_AGGRESSIVE;
				CLANG_WARN_UNREACHABLE_CODE = YES;
				CLANG_WARN__DUPLICATE_METHOD_MATCH = YES;
				COPY_PHASE_STRIP = NO;
				DEBUG_INFORMATION_FORMAT = dwarf;
				ENABLE_STRICT_OBJC_MSGSEND = YES;
				ENABLE_TESTABILITY = YES;
				GCC_C_LANGUAGE_STANDARD = gnu11;
				GCC_DYNAMIC_NO_PIC = NO;
				GCC_NO_COMMON_BLOCKS = YES;
				GCC_OPTIMIZATION_LEVEL = 0;
				GCC_PREPROCESSOR_DEFINITIONS = (
					"DEBUG=1",
					"$(inherited)",
				);
				GCC_WARN_64_TO_32_BIT_CONVERSION = YES;
				GCC_WARN_ABOUT_RETURN_TYPE = YES_ERROR;
				GCC_WARN_UNDECLARED_SELECTOR = YES;
				GCC_WARN_UNINITIALIZED_AUTOS = YES_AGGRESSIVE;
				GCC_WARN_UNUSED_FUNCTION = YES;
				GCC_WARN_UNUSED_VARIABLE = YES;
				IPHONEOS_DEPLOYMENT_TARGET = 15.0;
				MTL_ENABLE_DEBUG_INFO = INCLUDE_SOURCE;
				MTL_FAST_MATH = YES;
				ONLY_ACTIVE_ARCH = YES;
				SDKROOT = iphoneos;
				SWIFT_ACTIVE_COMPILATION_CONDITIONS = DEBUG;
				SWIFT_OPTIMIZATION_LEVEL = "-Onone";
			};
			name = Debug;
		};
		38CAC6D6274E36B800D4C4EE /* Release */ = {
			isa = XCBuildConfiguration;
			buildSettings = {
				ALWAYS_SEARCH_USER_PATHS = NO;
				CLANG_ANALYZER_NONNULL = YES;
				CLANG_ANALYZER_NUMBER_OBJECT_CONVERSION = YES_AGGRESSIVE;
				CLANG_CXX_LANGUAGE_STANDARD = "gnu++17";
				CLANG_CXX_LIBRARY = "libc++";
				CLANG_ENABLE_MODULES = YES;
				CLANG_ENABLE_OBJC_ARC = YES;
				CLANG_ENABLE_OBJC_WEAK = YES;
				CLANG_WARN_BLOCK_CAPTURE_AUTORELEASING = YES;
				CLANG_WARN_BOOL_CONVERSION = YES;
				CLANG_WARN_COMMA = YES;
				CLANG_WARN_CONSTANT_CONVERSION = YES;
				CLANG_WARN_DEPRECATED_OBJC_IMPLEMENTATIONS = YES;
				CLANG_WARN_DIRECT_OBJC_ISA_USAGE = YES_ERROR;
				CLANG_WARN_DOCUMENTATION_COMMENTS = YES;
				CLANG_WARN_EMPTY_BODY = YES;
				CLANG_WARN_ENUM_CONVERSION = YES;
				CLANG_WARN_INFINITE_RECURSION = YES;
				CLANG_WARN_INT_CONVERSION = YES;
				CLANG_WARN_NON_LITERAL_NULL_CONVERSION = YES;
				CLANG_WARN_OBJC_IMPLICIT_RETAIN_SELF = YES;
				CLANG_WARN_OBJC_LITERAL_CONVERSION = YES;
				CLANG_WARN_OBJC_ROOT_CLASS = YES_ERROR;
				CLANG_WARN_QUOTED_INCLUDE_IN_FRAMEWORK_HEADER = YES;
				CLANG_WARN_RANGE_LOOP_ANALYSIS = YES;
				CLANG_WARN_STRICT_PROTOTYPES = YES;
				CLANG_WARN_SUSPICIOUS_MOVE = YES;
				CLANG_WARN_UNGUARDED_AVAILABILITY = YES_AGGRESSIVE;
				CLANG_WARN_UNREACHABLE_CODE = YES;
				CLANG_WARN__DUPLICATE_METHOD_MATCH = YES;
				COPY_PHASE_STRIP = NO;
				DEBUG_INFORMATION_FORMAT = "dwarf-with-dsym";
				ENABLE_NS_ASSERTIONS = NO;
				ENABLE_STRICT_OBJC_MSGSEND = YES;
				GCC_C_LANGUAGE_STANDARD = gnu11;
				GCC_NO_COMMON_BLOCKS = YES;
				GCC_WARN_64_TO_32_BIT_CONVERSION = YES;
				GCC_WARN_ABOUT_RETURN_TYPE = YES_ERROR;
				GCC_WARN_UNDECLARED_SELECTOR = YES;
				GCC_WARN_UNINITIALIZED_AUTOS = YES_AGGRESSIVE;
				GCC_WARN_UNUSED_FUNCTION = YES;
				GCC_WARN_UNUSED_VARIABLE = YES;
				IPHONEOS_DEPLOYMENT_TARGET = 15.0;
				MTL_ENABLE_DEBUG_INFO = NO;
				MTL_FAST_MATH = YES;
				SDKROOT = iphoneos;
				SWIFT_COMPILATION_MODE = wholemodule;
				SWIFT_OPTIMIZATION_LEVEL = "-O";
				VALIDATE_PRODUCT = YES;
			};
			name = Release;
		};
		38CAC6D8274E36B800D4C4EE /* Debug */ = {
			isa = XCBuildConfiguration;
			baseConfigurationReference = C2D17491A6717F6F144B2D9B /* Pods-my-simple-calculator.debug.xcconfig */;
			buildSettings = {
				ASSETCATALOG_COMPILER_APPICON_NAME = AppIcon;
				ASSETCATALOG_COMPILER_GLOBAL_ACCENT_COLOR_NAME = AccentColor;
				CODE_SIGN_STYLE = Automatic;
				CURRENT_PROJECT_VERSION = 1;
				GENERATE_INFOPLIST_FILE = YES;
				INFOPLIST_FILE = "my-simple-calculator/Info.plist";
				INFOPLIST_KEY_UIApplicationSupportsIndirectInputEvents = YES;
				INFOPLIST_KEY_UILaunchStoryboardName = LaunchScreen;
				INFOPLIST_KEY_UIMainStoryboardFile = Main;
				INFOPLIST_KEY_UISupportedInterfaceOrientations = UIInterfaceOrientationPortrait;
				INFOPLIST_KEY_UISupportedInterfaceOrientations_iPad = "UIInterfaceOrientationPortrait UIInterfaceOrientationPortraitUpsideDown UIInterfaceOrientationLandscapeLeft UIInterfaceOrientationLandscapeRight";
				INFOPLIST_KEY_UISupportedInterfaceOrientations_iPhone = "UIInterfaceOrientationPortrait UIInterfaceOrientationLandscapeLeft UIInterfaceOrientationLandscapeRight";
				LD_RUNPATH_SEARCH_PATHS = (
					"$(inherited)",
					"@executable_path/Frameworks",
				);
				MARKETING_VERSION = 1.0;
				PRODUCT_BUNDLE_IDENTIFIER = "yokoyama.simple.calculator.my-simple-calculator";
				PRODUCT_NAME = "$(TARGET_NAME)";
				SWIFT_EMIT_LOC_STRINGS = YES;
				SWIFT_VERSION = 5.0;
				TARGETED_DEVICE_FAMILY = "1,2";
			};
			name = Debug;
		};
		38CAC6D9274E36B800D4C4EE /* Release */ = {
			isa = XCBuildConfiguration;
			baseConfigurationReference = 7A58413E48FFC7615B4C7256 /* Pods-my-simple-calculator.release.xcconfig */;
			buildSettings = {
				ASSETCATALOG_COMPILER_APPICON_NAME = AppIcon;
				ASSETCATALOG_COMPILER_GLOBAL_ACCENT_COLOR_NAME = AccentColor;
				CODE_SIGN_STYLE = Automatic;
				CURRENT_PROJECT_VERSION = 1;
				GENERATE_INFOPLIST_FILE = YES;
				INFOPLIST_FILE = "my-simple-calculator/Info.plist";
				INFOPLIST_KEY_UIApplicationSupportsIndirectInputEvents = YES;
				INFOPLIST_KEY_UILaunchStoryboardName = LaunchScreen;
				INFOPLIST_KEY_UIMainStoryboardFile = Main;
				INFOPLIST_KEY_UISupportedInterfaceOrientations = UIInterfaceOrientationPortrait;
				INFOPLIST_KEY_UISupportedInterfaceOrientations_iPad = "UIInterfaceOrientationPortrait UIInterfaceOrientationPortraitUpsideDown UIInterfaceOrientationLandscapeLeft UIInterfaceOrientationLandscapeRight";
				INFOPLIST_KEY_UISupportedInterfaceOrientations_iPhone = "UIInterfaceOrientationPortrait UIInterfaceOrientationLandscapeLeft UIInterfaceOrientationLandscapeRight";
				LD_RUNPATH_SEARCH_PATHS = (
					"$(inherited)",
					"@executable_path/Frameworks",
				);
				MARKETING_VERSION = 1.0;
				PRODUCT_BUNDLE_IDENTIFIER = "yokoyama.simple.calculator.my-simple-calculator";
				PRODUCT_NAME = "$(TARGET_NAME)";
				SWIFT_EMIT_LOC_STRINGS = YES;
				SWIFT_VERSION = 5.0;
				TARGETED_DEVICE_FAMILY = "1,2";
			};
			name = Release;
		};
/* End XCBuildConfiguration section */

/* Begin XCConfigurationList section */
		38CAC6BE274E36B600D4C4EE /* Build configuration list for PBXProject "my-simple-calculator" */ = {
			isa = XCConfigurationList;
			buildConfigurations = (
				38CAC6D5274E36B800D4C4EE /* Debug */,
				38CAC6D6274E36B800D4C4EE /* Release */,
			);
			defaultConfigurationIsVisible = 0;
			defaultConfigurationName = Release;
		};
		38CAC6D7274E36B800D4C4EE /* Build configuration list for PBXNativeTarget "my-simple-calculator" */ = {
			isa = XCConfigurationList;
			buildConfigurations = (
				38CAC6D8274E36B800D4C4EE /* Debug */,
				38CAC6D9274E36B800D4C4EE /* Release */,
			);
			defaultConfigurationIsVisible = 0;
			defaultConfigurationName = Release;
		};
/* End XCConfigurationList section */
	};
	rootObject = 38CAC6BB274E36B600D4C4EE /* Project object */;
}
